
Microsoft Visual Studio Solution File, Format Version 12.00
# Visual Studio Version 17
VisualStudioVersion = 17.10.35013.160
MinimumVisualStudioVersion = 10.0.40219.1
Project("{FAE04EC0-301F-11D3-BF4B-00C04F79EFBC}") = "TestProject", "TestProject\TestProject.csproj", "{A861D9E7-6647-4850-9C27-640D96727513}"
EndProject
Global
	GlobalSection(SolutionConfigurationPlatforms) = preSolution
		Debug|Any CPU = Debug|Any CPU
		Release|Any CPU = Release|Any CPU
	EndGlobalSection
	GlobalSection(ProjectConfigurationPlatforms) = postSolution
		{A861D9E7-6647-4850-9C27-640D96727513}.Debug|Any CPU.ActiveCfg = Debug|Any CPU
		{A861D9E7-6647-4850-9C27-640D96727513}.Debug|Any CPU.Build.0 = Debug|Any CPU
		{A861D9E7-6647-4850-9C27-640D96727513}.Release|Any CPU.ActiveCfg = Release|Any CPU
		{A861D9E7-6647-4850-9C27-640D96727513}.Release|Any CPU.Build.0 = Release|Any CPU
	EndGlobalSection
	GlobalSection(SolutionProperties) = preSolution
		HideSolutionNode = FALSE
	EndGlobalSection
	GlobalSection(ExtensibilityGlobals) = postSolution
		SolutionGuid = {EFE4C716-E653-4354-98E0-FBB8DB1124D5}
	EndGlobalSection
EndGlobal
